Microsoft Visual Studio Solution File, Format Version 12.00
# Visual Studio Version 17
VisualStudioVersion = 17.5.2.0
MinimumVisualStudioVersion = 10.0.40219.1
Project("{FAE04EC0-301F-11D3-BF4B-00C04F79EFBC}") = "examenadvancedsoftwarengineering", "examenadvancedsoftwarengineering\examenadvancedsoftwarengineering.csproj", "{96224A50-4B74-726D-0215-67974C4CC958}"
EndProject
Global
	GlobalSection(SolutionConfigurationPlatforms) = preSolution
		Debug|Any CPU = Debug|Any CPU
		Release|Any CPU = Release|Any CPU
	EndGlobalSection
	GlobalSection(ProjectConfigurationPlatforms) = postSolution
		{96224A50-4B74-726D-0215-67974C4CC958}.Debug|Any CPU.ActiveCfg = Debug|Any CPU
		{96224A50-4B74-726D-0215-67974C4CC958}.Debug|Any CPU.Build.0 = Debug|Any CPU
		{96224A50-4B74-726D-0215-67974C4CC958}.Release|Any CPU.ActiveCfg = Release|Any CPU
		{96224A50-4B74-726D-0215-67974C4CC958}.Release|Any CPU.Build.0 = Release|Any CPU
	EndGlobalSection
	GlobalSection(SolutionProperties) = preSolution
		HideSolutionNode = FALSE
	EndGlobalSection
	GlobalSection(ExtensibilityGlobals) = postSolution
		SolutionGuid = {CA554895-4578-44E1-AC26-DA490A8A30F1}
	EndGlobalSection
EndGlobal
